
Microsoft Visual Studio Solution File, Format Version 12.00
# Visual Studio Version 16
VisualStudioVersion = 25.0.1700.7
MinimumVisualStudioVersion = 10.0.40219.1
Project("{FAE04EC0-301F-11D3-BF4B-00C04F79EFBC}") = "flerwin-api", "flerwin-api\flerwin-api.csproj", "{877C2652-7A3E-40D3-9431-37A3974ADBAA}"
EndProject
Global
	GlobalSection(SolutionConfigurationPlatforms) = preSolution
		Debug|Any CPU = Debug|Any CPU
		Release|Any CPU = Release|Any CPU
	EndGlobalSection
	GlobalSection(ProjectConfigurationPlatforms) = postSolution
		{877C2652-7A3E-40D3-9431-37A3974ADBAA}.Debug|Any CPU.ActiveCfg = Debug|Any CPU
		{877C2652-7A3E-40D3-9431-37A3974ADBAA}.Debug|Any CPU.Build.0 = Debug|Any CPU
		{877C2652-7A3E-40D3-9431-37A3974ADBAA}.Release|Any CPU.ActiveCfg = Release|Any CPU
		{877C2652-7A3E-40D3-9431-37A3974ADBAA}.Release|Any CPU.Build.0 = Release|Any CPU
	EndGlobalSection
	GlobalSection(SolutionProperties) = preSolution
		HideSolutionNode = FALSE
	EndGlobalSection
	GlobalSection(ExtensibilityGlobals) = postSolution
		SolutionGuid = {EABD30B2-FE00-45D7-8906-EC17DD38C015}
	EndGlobalSection
EndGlobal
